hash: 6f8bf12ec12112c98bf1a9e400b26cffe2f8dc69d1a0af70f0f0ceb428fc257d
updated: 2017-08-30T12:54:48.088751163+02:00
imports:
- name: github.com/jeffail/tunny
  version: 54ae6b3774037722ea5cc04b6af6e971b6221fbf
- name: github.com/workiva/go-datastructures
  version: b9547a38b81ee66409d34781495d771dfa1e7e41
  subpackages:
  - set
- name: gopkg.in/yaml.v1
  version: 9f9df34309c04878acc86042b16630b0f696e1de
- name: gopkg.in/yaml.v2
  version: cd8b52f8269e0feb286dfeef29f8fe4d5b397e0b
testImports: []
